
Microsoft Visual Studio Solution File, Format Version 12.00
# Visual Studio Version 17
VisualStudioVersion = 17.8.34525.116
MinimumVisualStudioVersion = 10.0.40219.1
Project("{FAE04EC0-301F-11D3-BF4B-00C04F79EFBC}") = "Workaround", "Workaround\Workaround.csproj", "{BF5DC046-1C70-498D-8C8E-EFE3E26B5E81}"
EndProject
Project("{FAE04EC0-301F-11D3-BF4B-00C04F79EFBC}") = "Entities", "Entities\Entities.csproj", "{D88A910A-B066-4E87-8F24-FC991F64B2EF}"
EndProject
Project("{FAE04EC0-301F-11D3-BF4B-00C04F79EFBC}") = "Business", "Business\Business.csproj", "{7A844812-E436-401C-A883-3F78E0553670}"
EndProject
Global
	GlobalSection(SolutionConfigurationPlatforms) = preSolution
		Debug|Any CPU = Debug|Any CPU
		Release|Any CPU = Release|Any CPU
	EndGlobalSection
	GlobalSection(ProjectConfigurationPlatforms) = postSolution
		{BF5DC046-1C70-498D-8C8E-EFE3E26B5E81}.Debug|Any CPU.ActiveCfg = Debug|Any CPU
		{BF5DC046-1C70-498D-8C8E-EFE3E26B5E81}.Debug|Any CPU.Build.0 = Debug|Any CPU
		{BF5DC046-1C70-498D-8C8E-EFE3E26B5E81}.Release|Any CPU.ActiveCfg = Release|Any CPU
		{BF5DC046-1C70-498D-8C8E-EFE3E26B5E81}.Release|Any CPU.Build.0 = Release|Any CPU
		{D88A910A-B066-4E87-8F24-FC991F64B2EF}.Debug|Any CPU.ActiveCfg = Debug|Any CPU
		{D88A910A-B066-4E87-8F24-FC991F64B2EF}.Debug|Any CPU.Build.0 = Debug|Any CPU
		{D88A910A-B066-4E87-8F24-FC991F64B2EF}.Release|Any CPU.ActiveCfg = Release|Any CPU
		{D88A910A-B066-4E87-8F24-FC991F64B2EF}.Release|Any CPU.Build.0 = Release|Any CPU
		{7A844812-E436-401C-A883-3F78E0553670}.Debug|Any CPU.ActiveCfg = Debug|Any CPU
		{7A844812-E436-401C-A883-3F78E0553670}.Debug|Any CPU.Build.0 = Debug|Any CPU
		{7A844812-E436-401C-A883-3F78E0553670}.Release|Any CPU.ActiveCfg = Release|Any CPU
		{7A844812-E436-401C-A883-3F78E0553670}.Release|Any CPU.Build.0 = Release|Any CPU
	EndGlobalSection
	GlobalSection(SolutionProperties) = preSolution
		HideSolutionNode = FALSE
	EndGlobalSection
	GlobalSection(ExtensibilityGlobals) = postSolution
		SolutionGuid = {213FF5E3-AC63-4A8B-A385-7A5287092B47}
	EndGlobalSection
EndGlobal
